
Microsoft Visual Studio Solution File, Format Version 12.00
# Visual Studio Version 17
VisualStudioVersion = 17.2.32616.157
MinimumVisualStudioVersion = 10.0.40219.1
Project("{9A19103F-16F7-4668-BE54-9A1E7A4F7556}") = "cs_con_First", "cs_con_First.csproj", "{0371B41F-1EF6-46EC-996D-D1229490B937}"
EndProject
Global
	GlobalSection(SolutionConfigurationPlatforms) = preSolution
		Debug|Any CPU = Debug|Any CPU
		Release|Any CPU = Release|Any CPU
	EndGlobalSection
	GlobalSection(ProjectConfigurationPlatforms) = postSolution
		{0371B41F-1EF6-46EC-996D-D1229490B937}.Debug|Any CPU.ActiveCfg = Debug|Any CPU
		{0371B41F-1EF6-46EC-996D-D1229490B937}.Debug|Any CPU.Build.0 = Debug|Any CPU
		{0371B41F-1EF6-46EC-996D-D1229490B937}.Release|Any CPU.ActiveCfg = Release|Any CPU
		{0371B41F-1EF6-46EC-996D-D1229490B937}.Release|Any CPU.Build.0 = Release|Any CPU
	EndGlobalSection
	GlobalSection(SolutionProperties) = preSolution
		HideSolutionNode = FALSE
	EndGlobalSection
	GlobalSection(ExtensibilityGlobals) = postSolution
		SolutionGuid = {F6DFB293-238A-4806-A590-B973E6B29366}
	EndGlobalSection
EndGlobal
